
Microsoft Visual Studio Solution File, Format Version 12.00
# Visual Studio Version 17
VisualStudioVersion = 17.6.33829.357
MinimumVisualStudioVersion = 10.0.40219.1
Project("{FAE04EC0-301F-11D3-BF4B-00C04F79EFBC}") = "webviewer-winforms-net462", "webviewer-winforms-net462.csproj", "{90280F01-E648-4FDB-A641-03049B2C285D}"
EndProject
Global
	GlobalSection(SolutionConfigurationPlatforms) = preSolution
		Debug|Any CPU = Debug|Any CPU
		Release|Any CPU = Release|Any CPU
	EndGlobalSection
	GlobalSection(ProjectConfigurationPlatforms) = postSolution
		{90280F01-E648-4FDB-A641-03049B2C285D}.Debug|Any CPU.ActiveCfg = Debug|Any CPU
		{90280F01-E648-4FDB-A641-03049B2C285D}.Debug|Any CPU.Build.0 = Debug|Any CPU
		{90280F01-E648-4FDB-A641-03049B2C285D}.Release|Any CPU.ActiveCfg = Release|Any CPU
		{90280F01-E648-4FDB-A641-03049B2C285D}.Release|Any CPU.Build.0 = Release|Any CPU
	EndGlobalSection
	GlobalSection(SolutionProperties) = preSolution
		HideSolutionNode = FALSE
	EndGlobalSection
	GlobalSection(ExtensibilityGlobals) = postSolution
		SolutionGuid = {B3573288-54ED-4035-A06E-01116F260BC3}
	EndGlobalSection
EndGlobal
